
Microsoft Visual Studio Solution File, Format Version 12.00
# Visual Studio Version 17
VisualStudioVersion = 17.0.31912.275
MinimumVisualStudioVersion = 10.0.40219.1
Project("{FAE04EC0-301F-11D3-BF4B-00C04F79EFBC}") = "DarkLogiXBrowser", "TestPatch\DarkLogiXBrowser.csproj", "{03E7BB86-FE1F-4A2D-A176-B4A6AC01830A}"
EndProject
Global
	GlobalSection(SolutionConfigurationPlatforms) = preSolution
		Debug|Any CPU = Debug|Any CPU
		Release|Any CPU = Release|Any CPU
	EndGlobalSection
	GlobalSection(ProjectConfigurationPlatforms) = postSolution
		{03E7BB86-FE1F-4A2D-A176-B4A6AC01830A}.Debug|Any CPU.ActiveCfg = Debug|Any CPU
		{03E7BB86-FE1F-4A2D-A176-B4A6AC01830A}.Debug|Any CPU.Build.0 = Debug|Any CPU
		{03E7BB86-FE1F-4A2D-A176-B4A6AC01830A}.Release|Any CPU.ActiveCfg = Release|Any CPU
		{03E7BB86-FE1F-4A2D-A176-B4A6AC01830A}.Release|Any CPU.Build.0 = Release|Any CPU
	EndGlobalSection
	GlobalSection(SolutionProperties) = preSolution
		HideSolutionNode = FALSE
	EndGlobalSection
	GlobalSection(ExtensibilityGlobals) = postSolution
		SolutionGuid = {0C50B1CA-FD23-42C4-BECC-4A4634E3A147}
	EndGlobalSection
EndGlobal
